
Microsoft Visual Studio Solution File, Format Version 12.00
# Visual Studio Version 17
VisualStudioVersion = 17.8.34330.188
MinimumVisualStudioVersion = 10.0.40219.1
Project("{8BC9CEB8-8B4A-11D0-8D11-00A0C91BC942}") = "Print-FullNameLength", "Print-FullNameLength.vcxproj", "{F88E0FFF-FB30-4FF0-8261-294E5CC9EDEF}"
EndProject
Global
	GlobalSection(SolutionConfigurationPlatforms) = preSolution
		Debug|x64 = Debug|x64
		Debug|x86 = Debug|x86
		Release|x64 = Release|x64
		Release|x86 = Release|x86
	EndGlobalSection
	GlobalSection(ProjectConfigurationPlatforms) = postSolution
		{F88E0FFF-FB30-4FF0-8261-294E5CC9EDEF}.Debug|x64.ActiveCfg = Debug|x64
		{F88E0FFF-FB30-4FF0-8261-294E5CC9EDEF}.Debug|x64.Build.0 = Debug|x64
		{F88E0FFF-FB30-4FF0-8261-294E5CC9EDEF}.Debug|x86.ActiveCfg = Debug|Win32
		{F88E0FFF-FB30-4FF0-8261-294E5CC9EDEF}.Debug|x86.Build.0 = Debug|Win32
		{F88E0FFF-FB30-4FF0-8261-294E5CC9EDEF}.Release|x64.ActiveCfg = Release|x64
		{F88E0FFF-FB30-4FF0-8261-294E5CC9EDEF}.Release|x64.Build.0 = Release|x64
		{F88E0FFF-FB30-4FF0-8261-294E5CC9EDEF}.Release|x86.ActiveCfg = Release|Win32
		{F88E0FFF-FB30-4FF0-8261-294E5CC9EDEF}.Release|x86.Build.0 = Release|Win32
	EndGlobalSection
	GlobalSection(SolutionProperties) = preSolution
		HideSolutionNode = FALSE
	EndGlobalSection
	GlobalSection(ExtensibilityGlobals) = postSolution
		SolutionGuid = {24FD6C32-F407-4392-920A-C12CDB3D9EFC}
	EndGlobalSection
EndGlobal
